{
  "name": "particle-life",
  "version": "1.0.0",
  "lockfileVersion": 2,
  "requires": true,
  "packages": {
    "": {
      "name": "particle-life",
      "version": "1.0.0",
      "license": "MIT",
      "dependencies": {
        "enable3d": "^0.22.0"
      },
      "devDependencies": {
        "esbuild": "^0.12.14",
        "typescript": "^4.3.5"
      }
    },
    "node_modules/@enable3d/ammo-physics": {
      "version": "0.22.0",
      "resolved": "https://registry.npmjs.org/@enable3d/ammo-physics/-/ammo-physics-0.22.0.tgz",
      "integrity": "sha512-vSSUSN3wcmuSInfncbLx6aCHmbeeNXQqyt013T4YOVoqApZffnsbOrjIjPTxH49Ze0TyQOrqKfE1+FacT8ycqA==",
      "dependencies": {
        "@enable3d/common": "^0.22.0",
        "@enable3d/three-wrapper": "^0.22.0",
        "@yandeu/events": "0.0.5"
      },
      "funding": {
        "url": "https://github.com/sponsors/yandeu"
      },
      "peerDependencies": {
        "@types/three": "~0.127.0",
        "three": "~0.127.0"
      }
    },
    "node_modules/@enable3d/common": {
      "version": "0.22.0",
      "resolved": "https://registry.npmjs.org/@enable3d/common/-/common-0.22.0.tgz",
      "integrity": "sha512-ofdYV5HJdhoGRVGTzWF0c4h3xRZtGz2ckWtscDKcRwoGvKz6d5lXdt71ve/hRlxjhzvMt3s95eCEldHh2OxXNQ==",
      "dependencies": {
        "@enable3d/three-wrapper": "^0.22.0",
        "@yandeu/events": "0.0.5"
      },
      "funding": {
        "url": "https://github.com/sponsors/yandeu"
      }
    },
    "node_modules/@enable3d/three-graphics": {
      "version": "0.22.0",
      "resolved": "https://registry.npmjs.org/@enable3d/three-graphics/-/three-graphics-0.22.0.tgz",
      "integrity": "sha512-OOQcMqWzFCtDuCiDVBD+p46HAFavW4+5LlP63/1SWu2W5QupYOBUVi4hA5M+gkgUGh22WVmo38ntfUB42YWAQA==",
      "dependencies": {
        "@enable3d/ammo-physics": "^0.22.0",
        "@enable3d/common": "^0.22.0",
        "@enable3d/three-wrapper": "^0.22.0",
        "@yandeu/events": "0.0.5",
        "@yandeu/tap": "0.0.3"
      },
      "funding": {
        "url": "https://github.com/sponsors/yandeu"
      },
      "peerDependencies": {
        "@types/matter-js": "^0.14.10",
        "@types/three": "~0.127.0",
        "matter-js": "^0.16.1",
        "poly-decomp": "^0.3.0",
        "three": "~0.127.0"
      }
    },
    "node_modules/@enable3d/three-wrapper": {
      "version": "0.22.0",
      "resolved": "https://registry.npmjs.org/@enable3d/three-wrapper/-/three-wrapper-0.22.0.tgz",
      "integrity": "sha512-VqKo543eywMnhYGAhS0yYDWYZjs+T2AnSYS4pGY5wZMFiV7sC0XEuXYWNuj15E1glq9bxT4jJFixX/v6ErCw7A==",
      "funding": {
        "url": "https://github.com/sponsors/yandeu"
      },
      "peerDependencies": {
        "@types/three": "~0.127.0",
        "three": "~0.127.0"
      }
    },
    "node_modules/@types/matter-js": {
      "version": "0.14.12",
      "resolved": "https://registry.npmjs.org/@types/matter-js/-/matter-js-0.14.12.tgz",
      "integrity": "sha512-n3+rv3E4tIW/UOCpi4Dh/4q9kgkk3k/tC4pV/GvsX2DcZ+iuEOAPPsJPyMidHOVaspChBu+FKQoWrbyJ8JPRcQ==",
      "peer": true
    },
    "node_modules/@types/three": {
      "version": "0.127.1",
      "resolved": "https://registry.npmjs.org/@types/three/-/three-0.127.1.tgz",
      "integrity": "sha512-e90iYq3zde3axANg7BPZY0fKrez1AzveamIIFk23PMh9WtCx91geokDy+yEAIymdIldgUpvezAP6+zCV3oekXw==",
      "peer": true
    },
    "node_modules/@yandeu/events": {
      "version": "0.0.5",
      "resolved": "https://registry.npmjs.org/@yandeu/events/-/events-0.0.5.tgz",
      "integrity": "sha512-TUkghSGu0ThcEyAP50WHU/vdQkpt9EZyotjZzG8KirR+VI5o7Rp5wabcGru62JNy+awMR8Voy+kFzhNkC/1E6A==",
      "funding": {
        "url": "https://github.com/sponsors/yandeu"
      }
    },
    "node_modules/@yandeu/tap": {
      "version": "0.0.3",
      "resolved": "https://registry.npmjs.org/@yandeu/tap/-/tap-0.0.3.tgz",
      "integrity": "sha512-GIStEHmboHVbs6ghcRxkO5NVdZtRCsf1mkKI0gvzc21uj5qGlGSCD/Eaax98/c6Mu9+n2lkTYbTwuBbg2vzuQw==",
      "dependencies": {
        "@yandeu/events": "0.0.5"
      },
      "funding": {
        "url": "https://github.com/sponsors/yandeu"
      }
    },
    "node_modules/enable3d": {
      "version": "0.22.0",
      "resolved": "https://registry.npmjs.org/enable3d/-/enable3d-0.22.0.tgz",
      "integrity": "sha512-IMynn85Bo7JaxeW7BasSCy3b9+RcNVr3McvKo692w+5rvIVLjqD8VEmr9OaOt419NJ8b8WiO4O/0WgsQhSUqjQ==",
      "dependencies": {
        "@enable3d/ammo-physics": "^0.22.0",
        "@enable3d/common": "^0.22.0",
        "@enable3d/three-graphics": "^0.22.0",
        "@enable3d/three-wrapper": "^0.22.0"
      },
      "funding": {
        "url": "https://github.com/sponsors/yandeu"
      }
    },
    "node_modules/esbuild": {
      "version": "0.12.14",
      "resolved": "https://registry.npmjs.org/esbuild/-/esbuild-0.12.14.tgz",
      "integrity": "sha512-z8p+6FGiplR7a3pPonXREbm+8IeXjBGvDpVidZmGB/AJMsJSfGCU+n7KOMCazA9AwvagadRWBhiKorC0w9WJvw==",
      "dev": true,
      "hasInstallScript": true,
      "bin": {
        "esbuild": "bin/esbuild"
      }
    },
    "node_modules/matter-js": {
      "version": "0.16.1",
      "resolved": "https://registry.npmjs.org/matter-js/-/matter-js-0.16.1.tgz",
      "integrity": "sha512-P3nvyqTa7xxNOYbTtFVQFj9z9nf4Lyo9uHvncEXEUnyxYl4ntSjlnU73/ejFH6IUxpekDR9wqpnA1WvRdQ9B6A==",
      "peer": true
    },
    "node_modules/poly-decomp": {
      "version": "0.3.0",
      "resolved": "https://registry.npmjs.org/poly-decomp/-/poly-decomp-0.3.0.tgz",
      "integrity": "sha512-hWeBxGzPYiybmI4548Fca7Up/0k1qS5+79cVHI9+H33dKya5YNb9hxl0ZnDaDgvrZSuYFBhkCK/HOnqN7gefkQ==",
      "peer": true,
      "engines": {
        "node": "*"
      }
    },
    "node_modules/three": {
      "version": "0.127.0",
      "resolved": "https://registry.npmjs.org/three/-/three-0.127.0.tgz",
      "integrity": "sha512-wtgrn+mhYUbobxT7QN3GPdu3SRpSBQvwY6uOzLChWS7QE//f7paDU/+wlzbg+ngeIvBBqjBHSRuywTh8A99Jng==",
      "peer": true
    },
    "node_modules/typescript": {
      "version": "4.3.5",
      "resolved": "https://registry.npmjs.org/typescript/-/typescript-4.3.5.tgz",
      "integrity": "sha512-DqQgihaQ9cUrskJo9kIyW/+g0Vxsk8cDtZ52a3NGh0YNTfpUSArXSohyUGnvbPazEPLu398C0UxmKSOrPumUzA==",
      "dev": true,
      "bin": {
        "tsc": "bin/tsc",
        "tsserver": "bin/tsserver"
      },
      "engines": {
        "node": ">=4.2.0"
      }
    }
  },
  "dependencies": {
    "@enable3d/ammo-physics": {
      "version": "0.22.0",
      "resolved": "https://registry.npmjs.org/@enable3d/ammo-physics/-/ammo-physics-0.22.0.tgz",
      "integrity": "sha512-vSSUSN3wcmuSInfncbLx6aCHmbeeNXQqyt013T4YOVoqApZffnsbOrjIjPTxH49Ze0TyQOrqKfE1+FacT8ycqA==",
      "requires": {
        "@enable3d/common": "^0.22.0",
        "@enable3d/three-wrapper": "^0.22.0",
        "@yandeu/events": "0.0.5"
      }
    },
    "@enable3d/common": {
      "version": "0.22.0",
      "resolved": "https://registry.npmjs.org/@enable3d/common/-/common-0.22.0.tgz",
      "integrity": "sha512-ofdYV5HJdhoGRVGTzWF0c4h3xRZtGz2ckWtscDKcRwoGvKz6d5lXdt71ve/hRlxjhzvMt3s95eCEldHh2OxXNQ==",
      "requires": {
        "@enable3d/three-wrapper": "^0.22.0",
        "@yandeu/events": "0.0.5"
      }
    },
    "@enable3d/three-graphics": {
      "version": "0.22.0",
      "resolved": "https://registry.npmjs.org/@enable3d/three-graphics/-/three-graphics-0.22.0.tgz",
      "integrity": "sha512-OOQcMqWzFCtDuCiDVBD+p46HAFavW4+5LlP63/1SWu2W5QupYOBUVi4hA5M+gkgUGh22WVmo38ntfUB42YWAQA==",
      "requires": {
        "@enable3d/ammo-physics": "^0.22.0",
        "@enable3d/common": "^0.22.0",
        "@enable3d/three-wrapper": "^0.22.0",
        "@yandeu/events": "0.0.5",
        "@yandeu/tap": "0.0.3"
      }
    },
    "@enable3d/three-wrapper": {
      "version": "0.22.0",
      "resolved": "https://registry.npmjs.org/@enable3d/three-wrapper/-/three-wrapper-0.22.0.tgz",
      "integrity": "sha512-VqKo543eywMnhYGAhS0yYDWYZjs+T2AnSYS4pGY5wZMFiV7sC0XEuXYWNuj15E1glq9bxT4jJFixX/v6ErCw7A==",
      "requires": {}
    },
    "@types/matter-js": {
      "version": "0.14.12",
      "resolved": "https://registry.npmjs.org/@types/matter-js/-/matter-js-0.14.12.tgz",
      "integrity": "sha512-n3+rv3E4tIW/UOCpi4Dh/4q9kgkk3k/tC4pV/GvsX2DcZ+iuEOAPPsJPyMidHOVaspChBu+FKQoWrbyJ8JPRcQ==",
      "peer": true
    },
    "@types/three": {
      "version": "0.127.1",
      "resolved": "https://registry.npmjs.org/@types/three/-/three-0.127.1.tgz",
      "integrity": "sha512-e90iYq3zde3axANg7BPZY0fKrez1AzveamIIFk23PMh9WtCx91geokDy+yEAIymdIldgUpvezAP6+zCV3oekXw==",
      "peer": true
    },
    "@yandeu/events": {
      "version": "0.0.5",
      "resolved": "https://registry.npmjs.org/@yandeu/events/-/events-0.0.5.tgz",
      "integrity": "sha512-TUkghSGu0ThcEyAP50WHU/vdQkpt9EZyotjZzG8KirR+VI5o7Rp5wabcGru62JNy+awMR8Voy+kFzhNkC/1E6A=="
    },
    "@yandeu/tap": {
      "version": "0.0.3",
      "resolved": "https://registry.npmjs.org/@yandeu/tap/-/tap-0.0.3.tgz",
      "integrity": "sha512-GIStEHmboHVbs6ghcRxkO5NVdZtRCsf1mkKI0gvzc21uj5qGlGSCD/Eaax98/c6Mu9+n2lkTYbTwuBbg2vzuQw==",
      "requires": {
        "@yandeu/events": "0.0.5"
      }
    },
    "enable3d": {
      "version": "0.22.0",
      "resolved": "https://registry.npmjs.org/enable3d/-/enable3d-0.22.0.tgz",
      "integrity": "sha512-IMynn85Bo7JaxeW7BasSCy3b9+RcNVr3McvKo692w+5rvIVLjqD8VEmr9OaOt419NJ8b8WiO4O/0WgsQhSUqjQ==",
      "requires": {
        "@enable3d/ammo-physics": "^0.22.0",
        "@enable3d/common": "^0.22.0",
        "@enable3d/three-graphics": "^0.22.0",
        "@enable3d/three-wrapper": "^0.22.0"
      }
    },
    "esbuild": {
      "version": "0.12.14",
      "resolved": "https://registry.npmjs.org/esbuild/-/esbuild-0.12.14.tgz",
      "integrity": "sha512-z8p+6FGiplR7a3pPonXREbm+8IeXjBGvDpVidZmGB/AJMsJSfGCU+n7KOMCazA9AwvagadRWBhiKorC0w9WJvw==",
      "dev": true
    },
    "matter-js": {
      "version": "0.16.1",
      "resolved": "https://registry.npmjs.org/matter-js/-/matter-js-0.16.1.tgz",
      "integrity": "sha512-P3nvyqTa7xxNOYbTtFVQFj9z9nf4Lyo9uHvncEXEUnyxYl4ntSjlnU73/ejFH6IUxpekDR9wqpnA1WvRdQ9B6A==",
      "peer": true
    },
    "poly-decomp": {
      "version": "0.3.0",
      "resolved": "https://registry.npmjs.org/poly-decomp/-/poly-decomp-0.3.0.tgz",
      "integrity": "sha512-hWeBxGzPYiybmI4548Fca7Up/0k1qS5+79cVHI9+H33dKya5YNb9hxl0ZnDaDgvrZSuYFBhkCK/HOnqN7gefkQ==",
      "peer": true
    },
    "three": {
      "version": "0.127.0",
      "resolved": "https://registry.npmjs.org/three/-/three-0.127.0.tgz",
      "integrity": "sha512-wtgrn+mhYUbobxT7QN3GPdu3SRpSBQvwY6uOzLChWS7QE//f7paDU/+wlzbg+ngeIvBBqjBHSRuywTh8A99Jng==",
      "peer": true
    },
    "typescript": {
      "version": "4.3.5",
      "resolved": "https://registry.npmjs.org/typescript/-/typescript-4.3.5.tgz",
      "integrity": "sha512-DqQgihaQ9cUrskJo9kIyW/+g0Vxsk8cDtZ52a3NGh0YNTfpUSArXSohyUGnvbPazEPLu398C0UxmKSOrPumUzA==",
      "dev": true
    }
  }
}
